
Microsoft Visual Studio Solution File, Format Version 12.00
# Visual Studio Version 16
VisualStudioVersion = 16.0.30621.155
MinimumVisualStudioVersion = 10.0.40219.1
Project("{FAE04EC0-301F-11D3-BF4B-00C04F79EFBC}") = "WebAPI", "WebAPI\WebAPI.csproj", "{E89E5C66-5B72-4E6B-8CF9-B418D9D533D5}"
EndProject
Project("{FAE04EC0-301F-11D3-BF4B-00C04F79EFBC}") = "Anegrului_Cosmina_Lab12.Android", "Anegrului_Cosmina_Lab12\Anegrului_Cosmina_Lab12.Android\Anegrului_Cosmina_Lab12.Android.csproj", "{06EB2FB1-8263-48C8-8313-6802786FD6C3}"
EndProject
Project("{FAE04EC0-301F-11D3-BF4B-00C04F79EFBC}") = "Anegrului_Cosmina_Lab12.iOS", "Anegrului_Cosmina_Lab12\Anegrului_Cosmina_Lab12.iOS\Anegrului_Cosmina_Lab12.iOS.csproj", "{996EBD5D-82DD-4831-93EF-46C0C23DEDA1}"
EndProject
Project("{FAE04EC0-301F-11D3-BF4B-00C04F79EFBC}") = "Anegrului_Cosmina_Lab12", "Anegrului_Cosmina_Lab12\Anegrului_Cosmina_Lab12\Anegrului_Cosmina_Lab12.csproj", "{3FDBD6B9-D9AC-412C-9694-2F00470F8D65}"
EndProject
Global
	GlobalSection(SolutionConfigurationPlatforms) = preSolution
		Debug|Any CPU = Debug|Any CPU
		Debug|iPhone = Debug|iPhone
		Debug|iPhoneSimulator = Debug|iPhoneSimulator
		Release|Any CPU = Release|Any CPU
		Release|iPhone = Release|iPhone
		Release|iPhoneSimulator = Release|iPhoneSimulator
	EndGlobalSection
	GlobalSection(ProjectConfigurationPlatforms) = postSolution
		{E89E5C66-5B72-4E6B-8CF9-B418D9D533D5}.Debug|Any CPU.ActiveCfg = Debug|Any CPU
		{E89E5C66-5B72-4E6B-8CF9-B418D9D533D5}.Debug|Any CPU.Build.0 = Debug|Any CPU
		{E89E5C66-5B72-4E6B-8CF9-B418D9D533D5}.Debug|iPhone.ActiveCfg = Debug|Any CPU
		{E89E5C66-5B72-4E6B-8CF9-B418D9D533D5}.Debug|iPhone.Build.0 = Debug|Any CPU
		{E89E5C66-5B72-4E6B-8CF9-B418D9D533D5}.Debug|iPhoneSimulator.ActiveCfg = Debug|Any CPU
		{E89E5C66-5B72-4E6B-8CF9-B418D9D533D5}.Debug|iPhoneSimulator.Build.0 = Debug|Any CPU
		{E89E5C66-5B72-4E6B-8CF9-B418D9D533D5}.Release|Any CPU.ActiveCfg = Release|Any CPU
		{E89E5C66-5B72-4E6B-8CF9-B418D9D533D5}.Release|Any CPU.Build.0 = Release|Any CPU
		{E89E5C66-5B72-4E6B-8CF9-B418D9D533D5}.Release|iPhone.ActiveCfg = Release|Any CPU
		{E89E5C66-5B72-4E6B-8CF9-B418D9D533D5}.Release|iPhone.Build.0 = Release|Any CPU
		{E89E5C66-5B72-4E6B-8CF9-B418D9D533D5}.Release|iPhoneSimulator.ActiveCfg = Release|Any CPU
		{E89E5C66-5B72-4E6B-8CF9-B418D9D533D5}.Release|iPhoneSimulator.Build.0 = Release|Any CPU
		{06EB2FB1-8263-48C8-8313-6802786FD6C3}.Debug|Any CPU.ActiveCfg = Debug|Any CPU
		{06EB2FB1-8263-48C8-8313-6802786FD6C3}.Debug|Any CPU.Build.0 = Debug|Any CPU
		{06EB2FB1-8263-48C8-8313-6802786FD6C3}.Debug|Any CPU.Deploy.0 = Debug|Any CPU
		{06EB2FB1-8263-48C8-8313-6802786FD6C3}.Debug|iPhone.ActiveCfg = Debug|Any CPU
		{06EB2FB1-8263-48C8-8313-6802786FD6C3}.Debug|iPhone.Build.0 = Debug|Any CPU
		{06EB2FB1-8263-48C8-8313-6802786FD6C3}.Debug|iPhone.Deploy.0 = Debug|Any CPU
		{06EB2FB1-8263-48C8-8313-6802786FD6C3}.Debug|iPhoneSimulator.ActiveCfg = Debug|Any CPU
		{06EB2FB1-8263-48C8-8313-6802786FD6C3}.Debug|iPhoneSimulator.Build.0 = Debug|Any CPU
		{06EB2FB1-8263-48C8-8313-6802786FD6C3}.Debug|iPhoneSimulator.Deploy.0 = Debug|Any CPU
		{06EB2FB1-8263-48C8-8313-6802786FD6C3}.Release|Any CPU.ActiveCfg = Release|Any CPU
		{06EB2FB1-8263-48C8-8313-6802786FD6C3}.Release|Any CPU.Build.0 = Release|Any CPU
		{06EB2FB1-8263-48C8-8313-6802786FD6C3}.Release|Any CPU.Deploy.0 = Release|Any CPU
		{06EB2FB1-8263-48C8-8313-6802786FD6C3}.Release|iPhone.ActiveCfg = Release|Any CPU
		{06EB2FB1-8263-48C8-8313-6802786FD6C3}.Release|iPhone.Build.0 = Release|Any CPU
		{06EB2FB1-8263-48C8-8313-6802786FD6C3}.Release|iPhone.Deploy.0 = Release|Any CPU
		{06EB2FB1-8263-48C8-8313-6802786FD6C3}.Release|iPhoneSimulator.ActiveCfg = Release|Any CPU
		{06EB2FB1-8263-48C8-8313-6802786FD6C3}.Release|iPhoneSimulator.Build.0 = Release|Any CPU
		{06EB2FB1-8263-48C8-8313-6802786FD6C3}.Release|iPhoneSimulator.Deploy.0 = Release|Any CPU
		{996EBD5D-82DD-4831-93EF-46C0C23DEDA1}.Debug|Any CPU.ActiveCfg = Debug|iPhoneSimulator
		{996EBD5D-82DD-4831-93EF-46C0C23DEDA1}.Debug|iPhone.ActiveCfg = Debug|iPhone
		{996EBD5D-82DD-4831-93EF-46C0C23DEDA1}.Debug|iPhone.Build.0 = Debug|iPhone
		{996EBD5D-82DD-4831-93EF-46C0C23DEDA1}.Debug|iPhoneSimulator.ActiveCfg = Debug|iPhoneSimulator
		{996EBD5D-82DD-4831-93EF-46C0C23DEDA1}.Debug|iPhoneSimulator.Build.0 = Debug|iPhoneSimulator
		{996EBD5D-82DD-4831-93EF-46C0C23DEDA1}.Release|Any CPU.ActiveCfg = Release|iPhoneSimulator
		{996EBD5D-82DD-4831-93EF-46C0C23DEDA1}.Release|iPhone.ActiveCfg = Release|iPhone
		{996EBD5D-82DD-4831-93EF-46C0C23DEDA1}.Release|iPhone.Build.0 = Release|iPhone
		{996EBD5D-82DD-4831-93EF-46C0C23DEDA1}.Release|iPhoneSimulator.ActiveCfg = Release|iPhoneSimulator
		{996EBD5D-82DD-4831-93EF-46C0C23DEDA1}.Release|iPhoneSimulator.Build.0 = Release|iPhoneSimulator
		{3FDBD6B9-D9AC-412C-9694-2F00470F8D65}.Debug|Any CPU.ActiveCfg = Debug|Any CPU
		{3FDBD6B9-D9AC-412C-9694-2F00470F8D65}.Debug|Any CPU.Build.0 = Debug|Any CPU
		{3FDBD6B9-D9AC-412C-9694-2F00470F8D65}.Debug|iPhone.ActiveCfg = Debug|Any CPU
		{3FDBD6B9-D9AC-412C-9694-2F00470F8D65}.Debug|iPhone.Build.0 = Debug|Any CPU
		{3FDBD6B9-D9AC-412C-9694-2F00470F8D65}.Debug|iPhoneSimulator.ActiveCfg = Debug|Any CPU
		{3FDBD6B9-D9AC-412C-9694-2F00470F8D65}.Debug|iPhoneSimulator.Build.0 = Debug|Any CPU
		{3FDBD6B9-D9AC-412C-9694-2F00470F8D65}.Release|Any CPU.ActiveCfg = Release|Any CPU
		{3FDBD6B9-D9AC-412C-9694-2F00470F8D65}.Release|Any CPU.Build.0 = Release|Any CPU
		{3FDBD6B9-D9AC-412C-9694-2F00470F8D65}.Release|iPhone.ActiveCfg = Release|Any CPU
		{3FDBD6B9-D9AC-412C-9694-2F00470F8D65}.Release|iPhone.Build.0 = Release|Any CPU
		{3FDBD6B9-D9AC-412C-9694-2F00470F8D65}.Release|iPhoneSimulator.ActiveCfg = Release|Any CPU
		{3FDBD6B9-D9AC-412C-9694-2F00470F8D65}.Release|iPhoneSimulator.Build.0 = Release|Any CPU
	EndGlobalSection
	GlobalSection(SolutionProperties) = preSolution
		HideSolutionNode = FALSE
	EndGlobalSection
	GlobalSection(ExtensibilityGlobals) = postSolution
		SolutionGuid = {BDF600D7-2DD1-4FE7-9495-EA1E637E54D7}
	EndGlobalSection
EndGlobal
